
Microsoft Visual Studio Solution File, Format Version 12.00
# Visual Studio Version 17
VisualStudioVersion = 17.1.32421.90
MinimumVisualStudioVersion = 10.0.40219.1
Project("{FAE04EC0-301F-11D3-BF4B-00C04F79EFBC}") = "CallBack.Lesson", "CallBack.Lesson\CallBack.Lesson.csproj", "{2B347EE0-4333-4B6B-935D-34F373EED958}"
EndProject
Global
	GlobalSection(SolutionConfigurationPlatforms) = preSolution
		Debug|Any CPU = Debug|Any CPU
		Release|Any CPU = Release|Any CPU
	EndGlobalSection
	GlobalSection(ProjectConfigurationPlatforms) = postSolution
		{2B347EE0-4333-4B6B-935D-34F373EED958}.Debug|Any CPU.ActiveCfg = Debug|Any CPU
		{2B347EE0-4333-4B6B-935D-34F373EED958}.Debug|Any CPU.Build.0 = Debug|Any CPU
		{2B347EE0-4333-4B6B-935D-34F373EED958}.Release|Any CPU.ActiveCfg = Release|Any CPU
		{2B347EE0-4333-4B6B-935D-34F373EED958}.Release|Any CPU.Build.0 = Release|Any CPU
	EndGlobalSection
	GlobalSection(SolutionProperties) = preSolution
		HideSolutionNode = FALSE
	EndGlobalSection
	GlobalSection(ExtensibilityGlobals) = postSolution
		SolutionGuid = {571462FF-DF13-40E1-AAA1-170B8B16EB1D}
	EndGlobalSection
EndGlobal
